
Microsoft Visual Studio Solution File, Format Version 12.00
# Visual Studio 15
VisualStudioVersion = 15.0.26124.0
MinimumVisualStudioVersion = 15.0.26124.0
Project("{FAE04EC0-301F-11D3-BF4B-00C04F79EFBC}") = "GameTOP", "GameTOP\GameTOP.csproj", "{59226578-C8B6-4EAC-9B4A-59DED01C29F2}"
EndProject
Project("{FAE04EC0-301F-11D3-BF4B-00C04F79EFBC}") = "GameTOP.Lib", "GameTOP.Lib\GameTOP.Lib.csproj", "{62C8C238-DD39-42C1-9653-9404E49EF677}"
EndProject
Project("{FAE04EC0-301F-11D3-BF4B-00C04F79EFBC}") = "GameTOP.Interface", "GameTOP.Interface\GameTOP.Interface.csproj", "{1E599DE2-D38C-422F-9AF5-EDA4314D7C0E}"
EndProject
Global
	GlobalSection(SolutionConfigurationPlatforms) = preSolution
		Debug|Any CPU = Debug|Any CPU
		Debug|x64 = Debug|x64
		Debug|x86 = Debug|x86
		Release|Any CPU = Release|Any CPU
		Release|x64 = Release|x64
		Release|x86 = Release|x86
	EndGlobalSection
	GlobalSection(SolutionProperties) = preSolution
		HideSolutionNode = FALSE
	EndGlobalSection
	GlobalSection(ProjectConfigurationPlatforms) = postSolution
		{59226578-C8B6-4EAC-9B4A-59DED01C29F2}.Debug|Any CPU.ActiveCfg = Debug|Any CPU
		{59226578-C8B6-4EAC-9B4A-59DED01C29F2}.Debug|Any CPU.Build.0 = Debug|Any CPU
		{59226578-C8B6-4EAC-9B4A-59DED01C29F2}.Debug|x64.ActiveCfg = Debug|Any CPU
		{59226578-C8B6-4EAC-9B4A-59DED01C29F2}.Debug|x64.Build.0 = Debug|Any CPU
		{59226578-C8B6-4EAC-9B4A-59DED01C29F2}.Debug|x86.ActiveCfg = Debug|Any CPU
		{59226578-C8B6-4EAC-9B4A-59DED01C29F2}.Debug|x86.Build.0 = Debug|Any CPU
		{59226578-C8B6-4EAC-9B4A-59DED01C29F2}.Release|Any CPU.ActiveCfg = Release|Any CPU
		{59226578-C8B6-4EAC-9B4A-59DED01C29F2}.Release|Any CPU.Build.0 = Release|Any CPU
		{59226578-C8B6-4EAC-9B4A-59DED01C29F2}.Release|x64.ActiveCfg = Release|Any CPU
		{59226578-C8B6-4EAC-9B4A-59DED01C29F2}.Release|x64.Build.0 = Release|Any CPU
		{59226578-C8B6-4EAC-9B4A-59DED01C29F2}.Release|x86.ActiveCfg = Release|Any CPU
		{59226578-C8B6-4EAC-9B4A-59DED01C29F2}.Release|x86.Build.0 = Release|Any CPU
		{62C8C238-DD39-42C1-9653-9404E49EF677}.Debug|Any CPU.ActiveCfg = Debug|Any CPU
		{62C8C238-DD39-42C1-9653-9404E49EF677}.Debug|Any CPU.Build.0 = Debug|Any CPU
		{62C8C238-DD39-42C1-9653-9404E49EF677}.Debug|x64.ActiveCfg = Debug|Any CPU
		{62C8C238-DD39-42C1-9653-9404E49EF677}.Debug|x64.Build.0 = Debug|Any CPU
		{62C8C238-DD39-42C1-9653-9404E49EF677}.Debug|x86.ActiveCfg = Debug|Any CPU
		{62C8C238-DD39-42C1-9653-9404E49EF677}.Debug|x86.Build.0 = Debug|Any CPU
		{62C8C238-DD39-42C1-9653-9404E49EF677}.Release|Any CPU.ActiveCfg = Release|Any CPU
		{62C8C238-DD39-42C1-9653-9404E49EF677}.Release|Any CPU.Build.0 = Release|Any CPU
		{62C8C238-DD39-42C1-9653-9404E49EF677}.Release|x64.ActiveCfg = Release|Any CPU
		{62C8C238-DD39-42C1-9653-9404E49EF677}.Release|x64.Build.0 = Release|Any CPU
		{62C8C238-DD39-42C1-9653-9404E49EF677}.Release|x86.ActiveCfg = Release|Any CPU
		{62C8C238-DD39-42C1-9653-9404E49EF677}.Release|x86.Build.0 = Release|Any CPU
		{1E599DE2-D38C-422F-9AF5-EDA4314D7C0E}.Debug|Any CPU.ActiveCfg = Debug|Any CPU
		{1E599DE2-D38C-422F-9AF5-EDA4314D7C0E}.Debug|Any CPU.Build.0 = Debug|Any CPU
		{1E599DE2-D38C-422F-9AF5-EDA4314D7C0E}.Debug|x64.ActiveCfg = Debug|Any CPU
		{1E599DE2-D38C-422F-9AF5-EDA4314D7C0E}.Debug|x64.Build.0 = Debug|Any CPU
		{1E599DE2-D38C-422F-9AF5-EDA4314D7C0E}.Debug|x86.ActiveCfg = Debug|Any CPU
		{1E599DE2-D38C-422F-9AF5-EDA4314D7C0E}.Debug|x86.Build.0 = Debug|Any CPU
		{1E599DE2-D38C-422F-9AF5-EDA4314D7C0E}.Release|Any CPU.ActiveCfg = Release|Any CPU
		{1E599DE2-D38C-422F-9AF5-EDA4314D7C0E}.Release|Any CPU.Build.0 = Release|Any CPU
		{1E599DE2-D38C-422F-9AF5-EDA4314D7C0E}.Release|x64.ActiveCfg = Release|Any CPU
		{1E599DE2-D38C-422F-9AF5-EDA4314D7C0E}.Release|x64.Build.0 = Release|Any CPU
		{1E599DE2-D38C-422F-9AF5-EDA4314D7C0E}.Release|x86.ActiveCfg = Release|Any CPU
		{1E599DE2-D38C-422F-9AF5-EDA4314D7C0E}.Release|x86.Build.0 = Release|Any CPU
	EndGlobalSection
EndGlobal
